
Microsoft Visual Studio Solution File, Format Version 12.00
# Visual Studio Version 17
VisualStudioVersion = 17.6.33723.286
MinimumVisualStudioVersion = 10.0.40219.1
Project("{FAE04EC0-301F-11D3-BF4B-00C04F79EFBC}") = "WindowsFormsApp1", "WindowsFormsApp1\WindowsFormsApp1.csproj", "{800E33D0-6A71-4C44-9126-A6C711856311}"
EndProject
Global
	GlobalSection(SolutionConfigurationPlatforms) = preSolution
		Debug|Any CPU = Debug|Any CPU
		Release|Any CPU = Release|Any CPU
	EndGlobalSection
	GlobalSection(ProjectConfigurationPlatforms) = postSolution
		{800E33D0-6A71-4C44-9126-A6C711856311}.Debug|Any CPU.ActiveCfg = Debug|Any CPU
		{800E33D0-6A71-4C44-9126-A6C711856311}.Debug|Any CPU.Build.0 = Debug|Any CPU
		{800E33D0-6A71-4C44-9126-A6C711856311}.Release|Any CPU.ActiveCfg = Release|Any CPU
		{800E33D0-6A71-4C44-9126-A6C711856311}.Release|Any CPU.Build.0 = Release|Any CPU
	EndGlobalSection
	GlobalSection(SolutionProperties) = preSolution
		HideSolutionNode = FALSE
	EndGlobalSection
	GlobalSection(ExtensibilityGlobals) = postSolution
		SolutionGuid = {F73D4850-82F0-43C0-B386-C90B04BFC087}
	EndGlobalSection
EndGlobal
